
Microsoft Visual Studio Solution File, Format Version 12.00
# Visual Studio Version 17
VisualStudioVersion = 17.6.33815.320
MinimumVisualStudioVersion = 10.0.40219.1
Project("{FAE04EC0-301F-11D3-BF4B-00C04F79EFBC}") = "Problema1", "Problema1\Problema1.csproj", "{A522EF4A-DFF3-415D-A537-AE0B7D87A73E}"
EndProject
Global
	GlobalSection(SolutionConfigurationPlatforms) = preSolution
		Debug|Any CPU = Debug|Any CPU
		Release|Any CPU = Release|Any CPU
	EndGlobalSection
	GlobalSection(ProjectConfigurationPlatforms) = postSolution
		{A522EF4A-DFF3-415D-A537-AE0B7D87A73E}.Debug|Any CPU.ActiveCfg = Debug|Any CPU
		{A522EF4A-DFF3-415D-A537-AE0B7D87A73E}.Debug|Any CPU.Build.0 = Debug|Any CPU
		{A522EF4A-DFF3-415D-A537-AE0B7D87A73E}.Release|Any CPU.ActiveCfg = Release|Any CPU
		{A522EF4A-DFF3-415D-A537-AE0B7D87A73E}.Release|Any CPU.Build.0 = Release|Any CPU
	EndGlobalSection
	GlobalSection(SolutionProperties) = preSolution
		HideSolutionNode = FALSE
	EndGlobalSection
	GlobalSection(ExtensibilityGlobals) = postSolution
		SolutionGuid = {6276A7C9-34A6-4BE9-AF0D-BD0C51176C42}
	EndGlobalSection
EndGlobal
