
Microsoft Visual Studio Solution File, Format Version 12.00
# Visual Studio Version 17
VisualStudioVersion = 17.6.33815.320
MinimumVisualStudioVersion = 10.0.40219.1
Project("{FAE04EC0-301F-11D3-BF4B-00C04F79EFBC}") = "1", "1\1.csproj", "{0B7376F6-A931-49F4-BC20-9335274EF360}"
EndProject
Global
	GlobalSection(SolutionConfigurationPlatforms) = preSolution
		Debug|Any CPU = Debug|Any CPU
		Release|Any CPU = Release|Any CPU
	EndGlobalSection
	GlobalSection(ProjectConfigurationPlatforms) = postSolution
		{0B7376F6-A931-49F4-BC20-9335274EF360}.Debug|Any CPU.ActiveCfg = Debug|Any CPU
		{0B7376F6-A931-49F4-BC20-9335274EF360}.Debug|Any CPU.Build.0 = Debug|Any CPU
		{0B7376F6-A931-49F4-BC20-9335274EF360}.Release|Any CPU.ActiveCfg = Release|Any CPU
		{0B7376F6-A931-49F4-BC20-9335274EF360}.Release|Any CPU.Build.0 = Release|Any CPU
	EndGlobalSection
	GlobalSection(SolutionProperties) = preSolution
		HideSolutionNode = FALSE
	EndGlobalSection
	GlobalSection(ExtensibilityGlobals) = postSolution
		SolutionGuid = {F16A0091-88D8-4E49-9A0C-432CE6830CBF}
	EndGlobalSection
EndGlobal
