
Microsoft Visual Studio Solution File, Format Version 12.00
# Visual Studio Version 17
VisualStudioVersion = 17.6.33815.320
MinimumVisualStudioVersion = 10.0.40219.1
Project("{FAE04EC0-301F-11D3-BF4B-00C04F79EFBC}") = "4", "4\4.csproj", "{75C06A2A-1943-4EB5-9ED7-B63E810D53FA}"
EndProject
Global
	GlobalSection(SolutionConfigurationPlatforms) = preSolution
		Debug|Any CPU = Debug|Any CPU
		Release|Any CPU = Release|Any CPU
	EndGlobalSection
	GlobalSection(ProjectConfigurationPlatforms) = postSolution
		{75C06A2A-1943-4EB5-9ED7-B63E810D53FA}.Debug|Any CPU.ActiveCfg = Debug|Any CPU
		{75C06A2A-1943-4EB5-9ED7-B63E810D53FA}.Debug|Any CPU.Build.0 = Debug|Any CPU
		{75C06A2A-1943-4EB5-9ED7-B63E810D53FA}.Release|Any CPU.ActiveCfg = Release|Any CPU
		{75C06A2A-1943-4EB5-9ED7-B63E810D53FA}.Release|Any CPU.Build.0 = Release|Any CPU
	EndGlobalSection
	GlobalSection(SolutionProperties) = preSolution
		HideSolutionNode = FALSE
	EndGlobalSection
	GlobalSection(ExtensibilityGlobals) = postSolution
		SolutionGuid = {50338732-FC1E-49D6-95CF-8A95E4FBD783}
	EndGlobalSection
EndGlobal
