
Microsoft Visual Studio Solution File, Format Version 12.00
# Visual Studio Version 17
VisualStudioVersion = 17.6.33815.320
MinimumVisualStudioVersion = 10.0.40219.1
Project("{FAE04EC0-301F-11D3-BF4B-00C04F79EFBC}") = "Numeros_1-100", "Numeros_1-100\Numeros_1-100.csproj", "{D4173A02-B762-47F0-BA6F-1584E32D960E}"
EndProject
Global
	GlobalSection(SolutionConfigurationPlatforms) = preSolution
		Debug|Any CPU = Debug|Any CPU
		Release|Any CPU = Release|Any CPU
	EndGlobalSection
	GlobalSection(ProjectConfigurationPlatforms) = postSolution
		{D4173A02-B762-47F0-BA6F-1584E32D960E}.Debug|Any CPU.ActiveCfg = Debug|Any CPU
		{D4173A02-B762-47F0-BA6F-1584E32D960E}.Debug|Any CPU.Build.0 = Debug|Any CPU
		{D4173A02-B762-47F0-BA6F-1584E32D960E}.Release|Any CPU.ActiveCfg = Release|Any CPU
		{D4173A02-B762-47F0-BA6F-1584E32D960E}.Release|Any CPU.Build.0 = Release|Any CPU
	EndGlobalSection
	GlobalSection(SolutionProperties) = preSolution
		HideSolutionNode = FALSE
	EndGlobalSection
	GlobalSection(ExtensibilityGlobals) = postSolution
		SolutionGuid = {BC8DB46E-A455-441C-913D-E2522DF943CB}
	EndGlobalSection
EndGlobal
