
Microsoft Visual Studio Solution File, Format Version 12.00
# Visual Studio Version 17
VisualStudioVersion = 17.6.33815.320
MinimumVisualStudioVersion = 10.0.40219.1
Project("{FAE04EC0-301F-11D3-BF4B-00C04F79EFBC}") = "while_4", "while_4\while_4.csproj", "{7CB8682A-5C76-413B-8C09-F30B7C6AAF34}"
EndProject
Global
	GlobalSection(SolutionConfigurationPlatforms) = preSolution
		Debug|Any CPU = Debug|Any CPU
		Release|Any CPU = Release|Any CPU
	EndGlobalSection
	GlobalSection(ProjectConfigurationPlatforms) = postSolution
		{7CB8682A-5C76-413B-8C09-F30B7C6AAF34}.Debug|Any CPU.ActiveCfg = Debug|Any CPU
		{7CB8682A-5C76-413B-8C09-F30B7C6AAF34}.Debug|Any CPU.Build.0 = Debug|Any CPU
		{7CB8682A-5C76-413B-8C09-F30B7C6AAF34}.Release|Any CPU.ActiveCfg = Release|Any CPU
		{7CB8682A-5C76-413B-8C09-F30B7C6AAF34}.Release|Any CPU.Build.0 = Release|Any CPU
	EndGlobalSection
	GlobalSection(SolutionProperties) = preSolution
		HideSolutionNode = FALSE
	EndGlobalSection
	GlobalSection(ExtensibilityGlobals) = postSolution
		SolutionGuid = {F8195BB6-D297-43A9-B901-852AE0A81453}
	EndGlobalSection
EndGlobal
