
Microsoft Visual Studio Solution File, Format Version 12.00
# Visual Studio Version 17
VisualStudioVersion = 17.6.33815.320
MinimumVisualStudioVersion = 10.0.40219.1
Project("{FAE04EC0-301F-11D3-BF4B-00C04F79EFBC}") = "Vector3", "Vector3\Vector3.csproj", "{B3AFC7EC-86A2-4867-A1E4-B65FF8EDBD3E}"
EndProject
Global
	GlobalSection(SolutionConfigurationPlatforms) = preSolution
		Debug|Any CPU = Debug|Any CPU
		Release|Any CPU = Release|Any CPU
	EndGlobalSection
	GlobalSection(ProjectConfigurationPlatforms) = postSolution
		{B3AFC7EC-86A2-4867-A1E4-B65FF8EDBD3E}.Debug|Any CPU.ActiveCfg = Debug|Any CPU
		{B3AFC7EC-86A2-4867-A1E4-B65FF8EDBD3E}.Debug|Any CPU.Build.0 = Debug|Any CPU
		{B3AFC7EC-86A2-4867-A1E4-B65FF8EDBD3E}.Release|Any CPU.ActiveCfg = Release|Any CPU
		{B3AFC7EC-86A2-4867-A1E4-B65FF8EDBD3E}.Release|Any CPU.Build.0 = Release|Any CPU
	EndGlobalSection
	GlobalSection(SolutionProperties) = preSolution
		HideSolutionNode = FALSE
	EndGlobalSection
	GlobalSection(ExtensibilityGlobals) = postSolution
		SolutionGuid = {7A60213B-0770-4184-AEB0-94BAD640CCE1}
	EndGlobalSection
EndGlobal
