
Microsoft Visual Studio Solution File, Format Version 12.00
# Visual Studio Version 17
VisualStudioVersion = 17.6.33815.320
MinimumVisualStudioVersion = 10.0.40219.1
Project("{FAE04EC0-301F-11D3-BF4B-00C04F79EFBC}") = "Trimestre", "Trimestre\Trimestre.csproj", "{FEE897C9-089E-4316-951C-4BD43B2F0FB3}"
EndProject
Global
	GlobalSection(SolutionConfigurationPlatforms) = preSolution
		Debug|Any CPU = Debug|Any CPU
		Release|Any CPU = Release|Any CPU
	EndGlobalSection
	GlobalSection(ProjectConfigurationPlatforms) = postSolution
		{FEE897C9-089E-4316-951C-4BD43B2F0FB3}.Debug|Any CPU.ActiveCfg = Debug|Any CPU
		{FEE897C9-089E-4316-951C-4BD43B2F0FB3}.Debug|Any CPU.Build.0 = Debug|Any CPU
		{FEE897C9-089E-4316-951C-4BD43B2F0FB3}.Release|Any CPU.ActiveCfg = Release|Any CPU
		{FEE897C9-089E-4316-951C-4BD43B2F0FB3}.Release|Any CPU.Build.0 = Release|Any CPU
	EndGlobalSection
	GlobalSection(SolutionProperties) = preSolution
		HideSolutionNode = FALSE
	EndGlobalSection
	GlobalSection(ExtensibilityGlobals) = postSolution
		SolutionGuid = {E75C4608-2081-4D32-8F0B-C5B9617278E9}
	EndGlobalSection
EndGlobal
