
Microsoft Visual Studio Solution File, Format Version 12.00
# Visual Studio Version 17
VisualStudioVersion = 17.6.33815.320
MinimumVisualStudioVersion = 10.0.40219.1
Project("{FAE04EC0-301F-11D3-BF4B-00C04F79EFBC}") = "ClasesYObjetos_1", "ClasesYObjetos_1\ClasesYObjetos_1.csproj", "{D6588FAE-12FA-4E4D-BAC1-01B800B37959}"
EndProject
Global
	GlobalSection(SolutionConfigurationPlatforms) = preSolution
		Debug|Any CPU = Debug|Any CPU
		Release|Any CPU = Release|Any CPU
	EndGlobalSection
	GlobalSection(ProjectConfigurationPlatforms) = postSolution
		{D6588FAE-12FA-4E4D-BAC1-01B800B37959}.Debug|Any CPU.ActiveCfg = Debug|Any CPU
		{D6588FAE-12FA-4E4D-BAC1-01B800B37959}.Debug|Any CPU.Build.0 = Debug|Any CPU
		{D6588FAE-12FA-4E4D-BAC1-01B800B37959}.Release|Any CPU.ActiveCfg = Release|Any CPU
		{D6588FAE-12FA-4E4D-BAC1-01B800B37959}.Release|Any CPU.Build.0 = Release|Any CPU
	EndGlobalSection
	GlobalSection(SolutionProperties) = preSolution
		HideSolutionNode = FALSE
	EndGlobalSection
	GlobalSection(ExtensibilityGlobals) = postSolution
		SolutionGuid = {9BD78FAD-3AA8-4404-B713-E1F37BA686DA}
	EndGlobalSection
EndGlobal
