
Microsoft Visual Studio Solution File, Format Version 12.00
# Visual Studio Version 17
VisualStudioVersion = 17.6.33815.320
MinimumVisualStudioVersion = 10.0.40219.1
Project("{FAE04EC0-301F-11D3-BF4B-00C04F79EFBC}") = "UnoOdosDigitos", "UnoOdosDigitos\UnoOdosDigitos.csproj", "{87334176-FEBD-4F30-AAEB-92B283AF2DFF}"
EndProject
Global
	GlobalSection(SolutionConfigurationPlatforms) = preSolution
		Debug|Any CPU = Debug|Any CPU
		Release|Any CPU = Release|Any CPU
	EndGlobalSection
	GlobalSection(ProjectConfigurationPlatforms) = postSolution
		{87334176-FEBD-4F30-AAEB-92B283AF2DFF}.Debug|Any CPU.ActiveCfg = Debug|Any CPU
		{87334176-FEBD-4F30-AAEB-92B283AF2DFF}.Debug|Any CPU.Build.0 = Debug|Any CPU
		{87334176-FEBD-4F30-AAEB-92B283AF2DFF}.Release|Any CPU.ActiveCfg = Release|Any CPU
		{87334176-FEBD-4F30-AAEB-92B283AF2DFF}.Release|Any CPU.Build.0 = Release|Any CPU
	EndGlobalSection
	GlobalSection(SolutionProperties) = preSolution
		HideSolutionNode = FALSE
	EndGlobalSection
	GlobalSection(ExtensibilityGlobals) = postSolution
		SolutionGuid = {56377801-0E65-4E3D-A0D8-206D61CA6400}
	EndGlobalSection
EndGlobal
