
Microsoft Visual Studio Solution File, Format Version 12.00
# Visual Studio Version 17
VisualStudioVersion = 17.6.33815.320
MinimumVisualStudioVersion = 10.0.40219.1
Project("{FAE04EC0-301F-11D3-BF4B-00C04F79EFBC}") = "MayoresIguales", "MayoresIguales\MayoresIguales.csproj", "{FBE0F686-FC0E-4D5B-8007-5220878E8C9C}"
EndProject
Global
	GlobalSection(SolutionConfigurationPlatforms) = preSolution
		Debug|Any CPU = Debug|Any CPU
		Release|Any CPU = Release|Any CPU
	EndGlobalSection
	GlobalSection(ProjectConfigurationPlatforms) = postSolution
		{FBE0F686-FC0E-4D5B-8007-5220878E8C9C}.Debug|Any CPU.ActiveCfg = Debug|Any CPU
		{FBE0F686-FC0E-4D5B-8007-5220878E8C9C}.Debug|Any CPU.Build.0 = Debug|Any CPU
		{FBE0F686-FC0E-4D5B-8007-5220878E8C9C}.Release|Any CPU.ActiveCfg = Release|Any CPU
		{FBE0F686-FC0E-4D5B-8007-5220878E8C9C}.Release|Any CPU.Build.0 = Release|Any CPU
	EndGlobalSection
	GlobalSection(SolutionProperties) = preSolution
		HideSolutionNode = FALSE
	EndGlobalSection
	GlobalSection(ExtensibilityGlobals) = postSolution
		SolutionGuid = {5EE2456F-044F-448F-B023-24209DA690BF}
	EndGlobalSection
EndGlobal
