
Microsoft Visual Studio Solution File, Format Version 12.00
# Visual Studio Version 17
VisualStudioVersion = 17.6.33815.320
MinimumVisualStudioVersion = 10.0.40219.1
Project("{FAE04EC0-301F-11D3-BF4B-00C04F79EFBC}") = "3", "3\3.csproj", "{094EBAA3-8A55-454C-A3DB-1CDEEB16E11C}"
EndProject
Global
	GlobalSection(SolutionConfigurationPlatforms) = preSolution
		Debug|Any CPU = Debug|Any CPU
		Release|Any CPU = Release|Any CPU
	EndGlobalSection
	GlobalSection(ProjectConfigurationPlatforms) = postSolution
		{094EBAA3-8A55-454C-A3DB-1CDEEB16E11C}.Debug|Any CPU.ActiveCfg = Debug|Any CPU
		{094EBAA3-8A55-454C-A3DB-1CDEEB16E11C}.Debug|Any CPU.Build.0 = Debug|Any CPU
		{094EBAA3-8A55-454C-A3DB-1CDEEB16E11C}.Release|Any CPU.ActiveCfg = Release|Any CPU
		{094EBAA3-8A55-454C-A3DB-1CDEEB16E11C}.Release|Any CPU.Build.0 = Release|Any CPU
	EndGlobalSection
	GlobalSection(SolutionProperties) = preSolution
		HideSolutionNode = FALSE
	EndGlobalSection
	GlobalSection(ExtensibilityGlobals) = postSolution
		SolutionGuid = {95F3FE36-3A2E-4220-A41E-E624B16C0D41}
	EndGlobalSection
EndGlobal
