
Microsoft Visual Studio Solution File, Format Version 12.00
# Visual Studio Version 17
VisualStudioVersion = 17.6.33815.320
MinimumVisualStudioVersion = 10.0.40219.1
Project("{FAE04EC0-301F-11D3-BF4B-00C04F79EFBC}") = "Welcome1", "Welcome1\Welcome1.csproj", "{83F5B9FE-3618-4FA2-8795-9E30270880F8}"
EndProject
Global
	GlobalSection(SolutionConfigurationPlatforms) = preSolution
		Debug|Any CPU = Debug|Any CPU
		Release|Any CPU = Release|Any CPU
	EndGlobalSection
	GlobalSection(ProjectConfigurationPlatforms) = postSolution
		{83F5B9FE-3618-4FA2-8795-9E30270880F8}.Debug|Any CPU.ActiveCfg = Debug|Any CPU
		{83F5B9FE-3618-4FA2-8795-9E30270880F8}.Debug|Any CPU.Build.0 = Debug|Any CPU
		{83F5B9FE-3618-4FA2-8795-9E30270880F8}.Release|Any CPU.ActiveCfg = Release|Any CPU
		{83F5B9FE-3618-4FA2-8795-9E30270880F8}.Release|Any CPU.Build.0 = Release|Any CPU
	EndGlobalSection
	GlobalSection(SolutionProperties) = preSolution
		HideSolutionNode = FALSE
	EndGlobalSection
	GlobalSection(ExtensibilityGlobals) = postSolution
		SolutionGuid = {F9C801E9-F625-4C07-8AAC-8D147DC453FB}
	EndGlobalSection
EndGlobal
