
Microsoft Visual Studio Solution File, Format Version 12.00
# Visual Studio Version 17
VisualStudioVersion = 17.6.33815.320
MinimumVisualStudioVersion = 10.0.40219.1
Project("{FAE04EC0-301F-11D3-BF4B-00C04F79EFBC}") = "Comparison_2", "Comparison_2\Comparison_2.csproj", "{668B8FEA-CB9F-4FB5-B105-A2F6DC44D05D}"
EndProject
Global
	GlobalSection(SolutionConfigurationPlatforms) = preSolution
		Debug|Any CPU = Debug|Any CPU
		Release|Any CPU = Release|Any CPU
	EndGlobalSection
	GlobalSection(ProjectConfigurationPlatforms) = postSolution
		{668B8FEA-CB9F-4FB5-B105-A2F6DC44D05D}.Debug|Any CPU.ActiveCfg = Debug|Any CPU
		{668B8FEA-CB9F-4FB5-B105-A2F6DC44D05D}.Debug|Any CPU.Build.0 = Debug|Any CPU
		{668B8FEA-CB9F-4FB5-B105-A2F6DC44D05D}.Release|Any CPU.ActiveCfg = Release|Any CPU
		{668B8FEA-CB9F-4FB5-B105-A2F6DC44D05D}.Release|Any CPU.Build.0 = Release|Any CPU
	EndGlobalSection
	GlobalSection(SolutionProperties) = preSolution
		HideSolutionNode = FALSE
	EndGlobalSection
	GlobalSection(ExtensibilityGlobals) = postSolution
		SolutionGuid = {1D31FD7F-1CB5-4AF0-999D-F380A18E4AE2}
	EndGlobalSection
EndGlobal
