
Microsoft Visual Studio Solution File, Format Version 12.00
# Visual Studio Version 17
VisualStudioVersion = 17.6.33815.320
MinimumVisualStudioVersion = 10.0.40219.1
Project("{FAE04EC0-301F-11D3-BF4B-00C04F79EFBC}") = "Analysis", "Analysis\Analysis.csproj", "{75D28A73-F753-48FC-B28E-4069A99E5FCA}"
EndProject
Global
	GlobalSection(SolutionConfigurationPlatforms) = preSolution
		Debug|Any CPU = Debug|Any CPU
		Release|Any CPU = Release|Any CPU
	EndGlobalSection
	GlobalSection(ProjectConfigurationPlatforms) = postSolution
		{75D28A73-F753-48FC-B28E-4069A99E5FCA}.Debug|Any CPU.ActiveCfg = Debug|Any CPU
		{75D28A73-F753-48FC-B28E-4069A99E5FCA}.Debug|Any CPU.Build.0 = Debug|Any CPU
		{75D28A73-F753-48FC-B28E-4069A99E5FCA}.Release|Any CPU.ActiveCfg = Release|Any CPU
		{75D28A73-F753-48FC-B28E-4069A99E5FCA}.Release|Any CPU.Build.0 = Release|Any CPU
	EndGlobalSection
	GlobalSection(SolutionProperties) = preSolution
		HideSolutionNode = FALSE
	EndGlobalSection
	GlobalSection(ExtensibilityGlobals) = postSolution
		SolutionGuid = {F0509B6C-DA9B-4F7F-8ED3-17261639FF5E}
	EndGlobalSection
EndGlobal
