
Microsoft Visual Studio Solution File, Format Version 12.00
# Visual Studio Version 17
VisualStudioVersion = 17.6.33815.320
MinimumVisualStudioVersion = 10.0.40219.1
Project("{FAE04EC0-301F-11D3-BF4B-00C04F79EFBC}") = "Problema2", "Problema2\Problema2.csproj", "{9E53AD45-BE30-4848-8FD9-82B65E40AC9C}"
EndProject
Global
	GlobalSection(SolutionConfigurationPlatforms) = preSolution
		Debug|Any CPU = Debug|Any CPU
		Release|Any CPU = Release|Any CPU
	EndGlobalSection
	GlobalSection(ProjectConfigurationPlatforms) = postSolution
		{9E53AD45-BE30-4848-8FD9-82B65E40AC9C}.Debug|Any CPU.ActiveCfg = Debug|Any CPU
		{9E53AD45-BE30-4848-8FD9-82B65E40AC9C}.Debug|Any CPU.Build.0 = Debug|Any CPU
		{9E53AD45-BE30-4848-8FD9-82B65E40AC9C}.Release|Any CPU.ActiveCfg = Release|Any CPU
		{9E53AD45-BE30-4848-8FD9-82B65E40AC9C}.Release|Any CPU.Build.0 = Release|Any CPU
	EndGlobalSection
	GlobalSection(SolutionProperties) = preSolution
		HideSolutionNode = FALSE
	EndGlobalSection
	GlobalSection(ExtensibilityGlobals) = postSolution
		SolutionGuid = {4BB93CFA-6144-4518-9B7A-AF4E6AF838A6}
	EndGlobalSection
EndGlobal
