
Microsoft Visual Studio Solution File, Format Version 12.00
# Visual Studio Version 17
VisualStudioVersion = 17.6.33815.320
MinimumVisualStudioVersion = 10.0.40219.1
Project("{FAE04EC0-301F-11D3-BF4B-00C04F79EFBC}") = "TresCifras", "TresCifras\TresCifras.csproj", "{76EFC8D1-E6A5-45B2-8409-DD7463FEAFCE}"
EndProject
Global
	GlobalSection(SolutionConfigurationPlatforms) = preSolution
		Debug|Any CPU = Debug|Any CPU
		Release|Any CPU = Release|Any CPU
	EndGlobalSection
	GlobalSection(ProjectConfigurationPlatforms) = postSolution
		{76EFC8D1-E6A5-45B2-8409-DD7463FEAFCE}.Debug|Any CPU.ActiveCfg = Debug|Any CPU
		{76EFC8D1-E6A5-45B2-8409-DD7463FEAFCE}.Debug|Any CPU.Build.0 = Debug|Any CPU
		{76EFC8D1-E6A5-45B2-8409-DD7463FEAFCE}.Release|Any CPU.ActiveCfg = Release|Any CPU
		{76EFC8D1-E6A5-45B2-8409-DD7463FEAFCE}.Release|Any CPU.Build.0 = Release|Any CPU
	EndGlobalSection
	GlobalSection(SolutionProperties) = preSolution
		HideSolutionNode = FALSE
	EndGlobalSection
	GlobalSection(ExtensibilityGlobals) = postSolution
		SolutionGuid = {FCF1810C-35C4-4A77-8A0D-7E926C52A27F}
	EndGlobalSection
EndGlobal
