
Microsoft Visual Studio Solution File, Format Version 12.00
# Visual Studio Version 17
VisualStudioVersion = 17.6.33815.320
MinimumVisualStudioVersion = 10.0.40219.1
Project("{FAE04EC0-301F-11D3-BF4B-00C04F79EFBC}") = "Comparison", "Comparison\Comparison.csproj", "{1AAA5CA6-AFF0-4A72-BC6F-DF41AB7670FB}"
EndProject
Global
	GlobalSection(SolutionConfigurationPlatforms) = preSolution
		Debug|Any CPU = Debug|Any CPU
		Release|Any CPU = Release|Any CPU
	EndGlobalSection
	GlobalSection(ProjectConfigurationPlatforms) = postSolution
		{1AAA5CA6-AFF0-4A72-BC6F-DF41AB7670FB}.Debug|Any CPU.ActiveCfg = Debug|Any CPU
		{1AAA5CA6-AFF0-4A72-BC6F-DF41AB7670FB}.Debug|Any CPU.Build.0 = Debug|Any CPU
		{1AAA5CA6-AFF0-4A72-BC6F-DF41AB7670FB}.Release|Any CPU.ActiveCfg = Release|Any CPU
		{1AAA5CA6-AFF0-4A72-BC6F-DF41AB7670FB}.Release|Any CPU.Build.0 = Release|Any CPU
	EndGlobalSection
	GlobalSection(SolutionProperties) = preSolution
		HideSolutionNode = FALSE
	EndGlobalSection
	GlobalSection(ExtensibilityGlobals) = postSolution
		SolutionGuid = {25DF4301-A72A-414D-8C3B-B2919AAB9389}
	EndGlobalSection
EndGlobal
