
Microsoft Visual Studio Solution File, Format Version 12.00
# Visual Studio Version 17
VisualStudioVersion = 17.6.33815.320
MinimumVisualStudioVersion = 10.0.40219.1
Project("{FAE04EC0-301F-11D3-BF4B-00C04F79EFBC}") = "Welcome4", "Welcome4\Welcome4.csproj", "{FC21493A-8178-4D21-A407-81E229AD610D}"
EndProject
Global
	GlobalSection(SolutionConfigurationPlatforms) = preSolution
		Debug|Any CPU = Debug|Any CPU
		Release|Any CPU = Release|Any CPU
	EndGlobalSection
	GlobalSection(ProjectConfigurationPlatforms) = postSolution
		{FC21493A-8178-4D21-A407-81E229AD610D}.Debug|Any CPU.ActiveCfg = Debug|Any CPU
		{FC21493A-8178-4D21-A407-81E229AD610D}.Debug|Any CPU.Build.0 = Debug|Any CPU
		{FC21493A-8178-4D21-A407-81E229AD610D}.Release|Any CPU.ActiveCfg = Release|Any CPU
		{FC21493A-8178-4D21-A407-81E229AD610D}.Release|Any CPU.Build.0 = Release|Any CPU
	EndGlobalSection
	GlobalSection(SolutionProperties) = preSolution
		HideSolutionNode = FALSE
	EndGlobalSection
	GlobalSection(ExtensibilityGlobals) = postSolution
		SolutionGuid = {10AC030F-F7D1-4B75-A0C4-6FA129E02567}
	EndGlobalSection
EndGlobal
