
Microsoft Visual Studio Solution File, Format Version 12.00
# Visual Studio Version 17
VisualStudioVersion = 17.6.33815.320
MinimumVisualStudioVersion = 10.0.40219.1
Project("{FAE04EC0-301F-11D3-BF4B-00C04F79EFBC}") = "DoWhile_1", "DoWhile_1\DoWhile_1.csproj", "{C056134E-9737-4316-A931-DF6E2AA92012}"
EndProject
Global
	GlobalSection(SolutionConfigurationPlatforms) = preSolution
		Debug|Any CPU = Debug|Any CPU
		Release|Any CPU = Release|Any CPU
	EndGlobalSection
	GlobalSection(ProjectConfigurationPlatforms) = postSolution
		{C056134E-9737-4316-A931-DF6E2AA92012}.Debug|Any CPU.ActiveCfg = Debug|Any CPU
		{C056134E-9737-4316-A931-DF6E2AA92012}.Debug|Any CPU.Build.0 = Debug|Any CPU
		{C056134E-9737-4316-A931-DF6E2AA92012}.Release|Any CPU.ActiveCfg = Release|Any CPU
		{C056134E-9737-4316-A931-DF6E2AA92012}.Release|Any CPU.Build.0 = Release|Any CPU
	EndGlobalSection
	GlobalSection(SolutionProperties) = preSolution
		HideSolutionNode = FALSE
	EndGlobalSection
	GlobalSection(ExtensibilityGlobals) = postSolution
		SolutionGuid = {BF4540A3-C6C6-46A0-8E1A-6DE5D1C6CC17}
	EndGlobalSection
EndGlobal
