
Microsoft Visual Studio Solution File, Format Version 12.00
# Visual Studio Version 17
VisualStudioVersion = 17.6.33815.320
MinimumVisualStudioVersion = 10.0.40219.1
Project("{FAE04EC0-301F-11D3-BF4B-00C04F79EFBC}") = "2", "2\2.csproj", "{C263ECF5-5928-41F0-BC02-7754AC56C1DA}"
EndProject
Global
	GlobalSection(SolutionConfigurationPlatforms) = preSolution
		Debug|Any CPU = Debug|Any CPU
		Release|Any CPU = Release|Any CPU
	EndGlobalSection
	GlobalSection(ProjectConfigurationPlatforms) = postSolution
		{C263ECF5-5928-41F0-BC02-7754AC56C1DA}.Debug|Any CPU.ActiveCfg = Debug|Any CPU
		{C263ECF5-5928-41F0-BC02-7754AC56C1DA}.Debug|Any CPU.Build.0 = Debug|Any CPU
		{C263ECF5-5928-41F0-BC02-7754AC56C1DA}.Release|Any CPU.ActiveCfg = Release|Any CPU
		{C263ECF5-5928-41F0-BC02-7754AC56C1DA}.Release|Any CPU.Build.0 = Release|Any CPU
	EndGlobalSection
	GlobalSection(SolutionProperties) = preSolution
		HideSolutionNode = FALSE
	EndGlobalSection
	GlobalSection(ExtensibilityGlobals) = postSolution
		SolutionGuid = {7581AB56-4643-467B-8C31-BA466A9C8373}
	EndGlobalSection
EndGlobal
